// !$*UTF8*$!
{
	archiveVersion = 1;
	classes = {
	};
	objectVersion = 46;
	objects = {

/* Begin PBXBuildFile section */
		9CBAF6861602DC24005C1A5A /* UIKit.framework in Frameworks */ = {isa = PBXBuildFile; fileRef = 9CBAF6851602DC24005C1A5A /* UIKit.framework */; };
		9CBAF6881602DC24005C1A5A /* Foundation.framework in Frameworks */ = {isa = PBXBuildFile; fileRef = 9CBAF6871602DC24005C1A5A /* Foundation.framework */; };
		9CBAF68A1602DC24005C1A5A /* CoreGraphics.framework in Frameworks */ = {isa = PBXBuildFile; fileRef = 9CBAF6891602DC24005C1A5A /* CoreGraphics.framework */; };
		9CBAF6901602DC24005C1A5A /* InfoPlist.strings in Resources */ = {isa = PBXBuildFile; fileRef = 9CBAF68E1602DC24005C1A5A /* InfoPlist.strings */; };
		9CBAF6921602DC24005C1A5A /* main.m in Sources */ = {isa = PBXBuildFile; fileRef = 9CBAF6911602DC24005C1A5A /* main.m */; };
		9CBAF6961602DC24005C1A5A /* AppDelegate.m in Sources */ = {isa = PBXBuildFile; fileRef = 9CBAF6951602DC24005C1A5A /* AppDelegate.m */; };
		9CBAF6991602DC24005C1A5A /* ViewController.m in Sources */ = {isa = PBXBuildFile; fileRef = 9CBAF6981602DC24005C1A5A /* ViewController.m */; };
		9CBAF69C1602DC24005C1A5A /* ViewController.xib in Resources */ = {isa = PBXBuildFile; fileRef = 9CBAF69A1602DC24005C1A5A /* ViewController.xib */; };
/* End PBXBuildFile section */

/* Begin PBXFileReference section */
		9CBAF6811602DC24005C1A5A /* TitleView.app */ = {isa = PBXFileReference; explicitFileType = wrapper.application; includeInIndex = 0; path = TitleView.app; sourceTree = BUILT_PRODUCTS_DIR; };
		9CBAF6851602DC24005C1A5A /* UIKit.framework */ = {isa = PBXFileReference; lastKnownFileType = wrapper.framework; name = UIKit.framework; path = System/Library/Frameworks/UIKit.framework; sourceTree = SDKROOT; };
		9CBAF6871602DC24005C1A5A /* Foundation.framework */ = {isa = PBXFileReference; lastKnownFileType = wrapper.framework; name = Foundation.framework; path = System/Library/Frameworks/Foundation.framework; sourceTree = SDKROOT; };
		9CBAF6891602DC24005C1A5A /* CoreGraphics.framework */ = {isa = PBXFileReference; lastKnownFileType = wrapper.framework; name = CoreGraphics.framework; path = System/Library/Frameworks/CoreGraphics.framework; sourceTree = SDKROOT; };
		9CBAF68D1602DC24005C1A5A /* TitleView-Info.plist */ = {isa = PBXFileReference; path = "TitleView-Info.plist"; sourceTree = "<group>"; };
		9CBAF68F1602DC24005C1A5A /* en */ = {isa = PBXFileReference; lastKnownFileType = text.plist.strings; name = en; path = en.lproj/InfoPlist.strings; sourceTree = "<group>"; };
		9CBAF6911602DC24005C1A5A /* main.m */ = {isa = PBXFileReference; lastKnownFileType = sourcecode.c.objc; path = main.m; sourceTree = "<group>"; };
		9CBAF6931602DC24005C1A5A /* TitleView-Prefix.pch */ = {isa = PBXFileReference; path = "TitleView-Prefix.pch"; sourceTree = "<group>"; };
		9CBAF6941602DC24005C1A5A /* AppDelegate.h */ = {isa = PBXFileReference; path = AppDelegate.h; sourceTree = "<group>"; };
		9CBAF6951602DC24005C1A5A /* AppDelegate.m */ = {isa = PBXFileReference; lastKnownFileType = sourcecode.c.objc; path = AppDelegate.m; sourceTree = "<group>"; };
		9CBAF6971602DC24005C1A5A /* ViewController.h */ = {isa = PBXFileReference; path = ViewController.h; sourceTree = "<group>"; };
		9CBAF6981602DC24005C1A5A /* ViewController.m */ = {isa = PBXFileReference; lastKnownFileType = sourcecode.c.objc; path = ViewController.m; sourceTree = "<group>"; };
		9CBAF69B1602DC24005C1A5A /* en */ = {isa = PBXFileReference; lastKnownFileType = file.xib; name = en; path = en.lproj/ViewController.xib; sourceTree = "<group>"; };
/* End PBXFileReference section */

/* Begin PBXFrameworksBuildPhase section */
		9CBAF67E1602DC24005C1A5A /* Frameworks */ = {
			isa = PBXFrameworksBuildPhase;
			buildActionMask = 2147483647;
			files = (
				9CBAF6861602DC24005C1A5A /* UIKit.framework in Frameworks */,
				9CBAF6881602DC24005C1A5A /* Foundation.framework in Frameworks */,
				9CBAF68A1602DC24005C1A5A /* CoreGraphics.framework in Frameworks */,
			);
			runOnlyForDeploymentPostprocessing = 0;
		};
/* End PBXFrameworksBuildPhase section */

/* Begin PBXGroup section */
		9CBAF6761602DC24005C1A5A = {
			isa = PBXGroup;
			children = (
				9CBAF68B1602DC24005C1A5A /* TitleView */,
				9CBAF6841602DC24005C1A5A /* Frameworks */,
				9CBAF6821602DC24005C1A5A /* Products */,
			);
			sourceTree = "<group>";
		};
		9CBAF6821602DC24005C1A5A /* Products */ = {
			isa = PBXGroup;
			children = (
				9CBAF6811602DC24005C1A5A /* TitleView.app */,
			);
			name = Products;
			sourceTree = "<group>";
		};
		9CBAF6841602DC24005C1A5A /* Frameworks */ = {
			isa = PBXGroup;
			children = (
				9CBAF6851602DC24005C1A5A /* UIKit.framework */,
				9CBAF6871602DC24005C1A5A /* Foundation.framework */,
				9CBAF6891602DC24005C1A5A /* CoreGraphics.framework */,
			);
			name = Frameworks;
			sourceTree = "<group>";
		};
		9CBAF68B1602DC24005C1A5A /* TitleView */ = {
			isa = PBXGroup;
			children = (
				9CBAF6941602DC24005C1A5A /* AppDelegate.h */,
				9CBAF6951602DC24005C1A5A /* AppDelegate.m */,
				9CBAF6971602DC24005C1A5A /* ViewController.h */,
				9CBAF6981602DC24005C1A5A /* ViewController.m */,
				9CBAF69A1602DC24005C1A5A /* ViewController.xib */,
				9CBAF68C1602DC24005C1A5A /* Supporting Files */,
			);
			path = TitleView;
			sourceTree = "<group>";
		};
		9CBAF68C1602DC24005C1A5A /* Supporting Files */ = {
			isa = PBXGroup;
			children = (
				9CBAF68D1602DC24005C1A5A /* TitleView-Info.plist */,
				9CBAF68E1602DC24005C1A5A /* InfoPlist.strings */,
				9CBAF6911602DC24005C1A5A /* main.m */,
				9CBAF6931602DC24005C1A5A /* TitleView-Prefix.pch */,
			);
			name = "Supporting Files";
			sourceTree = "<group>";
		};
/* End PBXGroup section */

/* Begin PBXNativeTarget section */
		9CBAF6801602DC24005C1A5A /* TitleView */ = {
			isa = PBXNativeTarget;
			buildConfigurationList = 9CBAF69F1602DC24005C1A5A /* Build configuration list for PBXNativeTarget "TitleView" */;
			buildPhases = (
				9CBAF67D1602DC24005C1A5A /* Sources */,
				9CBAF67E1602DC24005C1A5A /* Frameworks */,
				9CBAF67F1602DC24005C1A5A /* Resources */,
			);
			buildRules = (
			);
			dependencies = (
			);
			name = TitleView;
			productName = TitleView;
			productReference = 9CBAF6811602DC24005C1A5A /* TitleView.app */;
			productType = "com.apple.product-type.application";
		};
/* End PBXNativeTarget section */

/* Begin PBXProject section */
		9CBAF6781602DC24005C1A5A /* Project object */ = {
			isa = PBXProject;
			attributes = {
				LastUpgradeCheck = 0430;
			};
			buildConfigurationList = 9CBAF67B1602DC24005C1A5A /* Build configuration list for PBXProject "TitleView" */;
			compatibilityVersion = "Xcode 3.2";
			developmentRegion = English;
			hasScannedForEncodings = 0;
			knownRegions = (
				en,
			);
			mainGroup = 9CBAF6761602DC24005C1A5A;
			productRefGroup = 9CBAF6821602DC24005C1A5A /* Products */;
			projectDirPath = "";
			projectRoot = "";
			targets = (
				9CBAF6801602DC24005C1A5A /* TitleView */,
			);
		};
/* End PBXProject section */

/* Begin PBXResourcesBuildPhase section */
		9CBAF67F1602DC24005C1A5A /* Resources */ = {
			isa = PBXResourcesBuildPhase;
			buildActionMask = 2147483647;
			files = (
				9CBAF6901602DC24005C1A5A /* InfoPlist.strings in Resources */,
				9CBAF69C1602DC24005C1A5A /* ViewController.xib in Resources */,
			);
			runOnlyForDeploymentPostprocessing = 0;
		};
/* End PBXResourcesBuildPhase section */

/* Begin PBXSourcesBuildPhase section */
		9CBAF67D1602DC24005C1A5A /* Sources */ = {
			isa = PBXSourcesBuildPhase;
			buildActionMask = 2147483647;
			files = (
				9CBAF6921602DC24005C1A5A /* main.m in Sources */,
				9CBAF6961602DC24005C1A5A /* AppDelegate.m in Sources */,
				9CBAF6991602DC24005C1A5A /* ViewController.m in Sources */,
			);
			runOnlyForDeploymentPostprocessing = 0;
		};
/* End PBXSourcesBuildPhase section */

/* Begin PBXVariantGroup section */
		9CBAF68E1602DC24005C1A5A /* InfoPlist.strings */ = {
			isa = PBXVariantGroup;
			children = (
				9CBAF68F1602DC24005C1A5A /* en */,
			);
			name = InfoPlist.strings;
			sourceTree = "<group>";
		};
		9CBAF69A1602DC24005C1A5A /* ViewController.xib */ = {
			isa = PBXVariantGroup;
			children = (
				9CBAF69B1602DC24005C1A5A /* en */,
			);
			name = ViewController.xib;
			sourceTree = "<group>";
		};
/* End PBXVariantGroup section */

/* Begin XCBuildConfiguration section */
		9CBAF69D1602DC24005C1A5A /* Debug */ = {
			isa = XCBuildConfiguration;
			buildSettings = {
				ALWAYS_SEARCH_USER_PATHS = NO;
				ARCHS = "$(ARCHS_STANDARD_32_BIT)";
				"CODE_SIGN_IDENTITY[sdk=iphoneos*]" = "iPhone Developer";
				COPY_PHASE_STRIP = NO;
				GCC_C_LANGUAGE_STANDARD = gnu99;
				GCC_DYNAMIC_NO_PIC = NO;
				GCC_OPTIMIZATION_LEVEL = 0;
				GCC_PREPROCESSOR_DEFINITIONS = (
					"DEBUG=1",
					"$(inherited)",
				);
				GCC_SYMBOLS_PRIVATE_EXTERN = NO;
				GCC_VERSION = com.apple.compilers.llvm.clang.1_0;
				GCC_WARN_ABOUT_RETURN_TYPE = YES;
				GCC_WARN_UNINITIALIZED_AUTOS = YES;
				GCC_WARN_UNUSED_VARIABLE = YES;
				IPHONEOS_DEPLOYMENT_TARGET = 5.1;
				SDKROOT = iphoneos;
				TARGETED_DEVICE_FAMILY = 2;
			};
			name = Debug;
		};
		9CBAF69E1602DC24005C1A5A /* Release */ = {
			isa = XCBuildConfiguration;
			buildSettings = {
				ALWAYS_SEARCH_USER_PATHS = NO;
				ARCHS = "$(ARCHS_STANDARD_32_BIT)";
				"CODE_SIGN_IDENTITY[sdk=iphoneos*]" = "iPhone Developer";
				COPY_PHASE_STRIP = YES;
				GCC_C_LANGUAGE_STANDARD = gnu99;
				GCC_VERSION = com.apple.compilers.llvm.clang.1_0;
				GCC_WARN_ABOUT_RETURN_TYPE = YES;
				GCC_WARN_UNINITIALIZED_AUTOS = YES;
				GCC_WARN_UNUSED_VARIABLE = YES;
				IPHONEOS_DEPLOYMENT_TARGET = 5.1;
				OTHER_CFLAGS = "-DNS_BLOCK_ASSERTIONS=1";
				SDKROOT = iphoneos;
				TARGETED_DEVICE_FAMILY = 2;
				VALIDATE_PRODUCT = YES;
			};
			name = Release;
		};
		9CBAF6A01602DC24005C1A5A /* Debug */ = {
			isa = XCBuildConfiguration;
			buildSettings = {
				GCC_PRECOMPILE_PREFIX_HEADER = YES;
				GCC_PREFIX_HEADER = "TitleView/TitleView-Prefix.pch";
				INFOPLIST_FILE = "TitleView/TitleView-Info.plist";
				PRODUCT_NAME = "$(TARGET_NAME)";
				WRAPPER_EXTENSION = app;
			};
			name = Debug;
		};
		9CBAF6A11602DC24005C1A5A /* Release */ = {
			isa = XCBuildConfiguration;
			buildSettings = {
				GCC_PRECOMPILE_PREFIX_HEADER = YES;
				GCC_PREFIX_HEADER = "TitleView/TitleView-Prefix.pch";
				INFOPLIST_FILE = "TitleView/TitleView-Info.plist";
				PRODUCT_NAME = "$(TARGET_NAME)";
				WRAPPER_EXTENSION = app;
			};
			name = Release;
		};
/* End XCBuildConfiguration section */

/* Begin XCConfigurationList section */
		9CBAF67B1602DC24005C1A5A /* Build configuration list for PBXProject "TitleView" */ = {
			isa = XCConfigurationList;
			buildConfigurations = (
				9CBAF69D1602DC24005C1A5A /* Debug */,
				9CBAF69E1602DC24005C1A5A /* Release */,
			);
			defaultConfigurationIsVisible = 0;
			defaultConfigurationName = Release;
		};
		9CBAF69F1602DC24005C1A5A /* Build configuration list for PBXNativeTarget "TitleView" */ = {
			isa = XCConfigurationList;
			buildConfigurations = (
				9CBAF6A01602DC24005C1A5A /* Debug */,
				9CBAF6A11602DC24005C1A5A /* Release */,
			);
			defaultConfigurationIsVisible = 0;
		};
/* End XCConfigurationList section */
	};
	rootObject = 9CBAF6781602DC24005C1A5A /* Project object */;
}
